{
  "originHash" : "9d1276350b9ddf04de48aadca989103e6aabf60af2c27100133e69910e751e93",
  "pins" : [
    {
      "identity" : "blinkid-ios",
      "kind" : "remoteSourceControl",
      "location" : "https://github.com/BlinkID/blinkid-ios.git",
      "state" : {
        "revision" : "17a80de7d39eecefb9f8e7b22acbf7ed140ff344",
        "version" : "7.6.1"
      }
    },
    {
      "identity" : "mobile-banking.mobile-banking-ios-sdk",
      "kind" : "registry",
      "location" : "",
      "state" : {
        "version" : "1.7.0"
      }
    },
    {
      "identity" : "plaid-link-ios-spm",
      "kind" : "remoteSourceControl",
      "location" : "https://github.com/plaid/plaid-link-ios-spm.git",
      "state" : {
        "revision" : "1a4e2241f8968deebd3ecd9ebc128fa91ccc9f49",
        "version" : "6.4.7"
      }
    }
  ],
  "version" : 3
}
